{
  "name": "@krayetor/project-cli-maker",
  "version": "1.0.2",
  "lockfileVersion": 3,
  "requires": true,
  "packages": {
    "": {
      "name": "@krayetor/project-cli-maker",
      "version": "1.0.2",
      "license": "ISC",
      "bin": {
        "create-project": "index.js"
      }
    }
  }
}
